
Microsoft Visual Studio Solution File, Format Version 12.00
# Visual Studio Version 16
VisualStudioVersion = 16.0.31729.503
MinimumVisualStudioVersion = 10.0.40219.1
Project("{FAE04EC0-301F-11D3-BF4B-00C04F79EFBC}") = "Week8_ToDoLab", "Week8_ToDoLab\Week8_ToDoLab.csproj", "{F7C53EC4-979B-442B-B689-17D8C124EB3F}"
EndProject
Global
	GlobalSection(SolutionConfigurationPlatforms) = preSolution
		Debug|Any CPU = Debug|Any CPU
		Release|Any CPU = Release|Any CPU
	EndGlobalSection
	GlobalSection(ProjectConfigurationPlatforms) = postSolution
		{F7C53EC4-979B-442B-B689-17D8C124EB3F}.Debug|Any CPU.ActiveCfg = Debug|Any CPU
		{F7C53EC4-979B-442B-B689-17D8C124EB3F}.Debug|Any CPU.Build.0 = Debug|Any CPU
		{F7C53EC4-979B-442B-B689-17D8C124EB3F}.Release|Any CPU.ActiveCfg = Release|Any CPU
		{F7C53EC4-979B-442B-B689-17D8C124EB3F}.Release|Any CPU.Build.0 = Release|Any CPU
	EndGlobalSection
	GlobalSection(SolutionProperties) = preSolution
		HideSolutionNode = FALSE
	EndGlobalSection
	GlobalSection(ExtensibilityGlobals) = postSolution
		SolutionGuid = {537ECB08-0DE7-4908-A03A-3F5C605071EE}
	EndGlobalSection
EndGlobal
